
Microsoft Visual Studio Solution File, Format Version 12.00
Project("{FAE04EC0-301F-11D3-BF4B-00C04F79EFBC}") = "Kon-SOL", "Kon-SOL.csproj", "{5FAD490D-B3AC-4556-8051-BE629ADF2690}"
EndProject
Global
	GlobalSection(SolutionConfigurationPlatforms) = preSolution
		Debug|Any CPU = Debug|Any CPU
		Release|Any CPU = Release|Any CPU
	EndGlobalSection
	GlobalSection(ProjectConfigurationPlatforms) = postSolution
		{5FAD490D-B3AC-4556-8051-BE629ADF2690}.Debug|Any CPU.ActiveCfg = Debug|Any CPU
		{5FAD490D-B3AC-4556-8051-BE629ADF2690}.Debug|Any CPU.Build.0 = Debug|Any CPU
		{5FAD490D-B3AC-4556-8051-BE629ADF2690}.Release|Any CPU.ActiveCfg = Release|Any CPU
		{5FAD490D-B3AC-4556-8051-BE629ADF2690}.Release|Any CPU.Build.0 = Release|Any CPU
	EndGlobalSection
EndGlobal
